// !$*UTF8*$!
{
	archiveVersion = 1;
	classes = {
	};
	objectVersion = 46;
	objects = {

/* Begin PBXBuildFile section */
		68890EC31B4CD9A2002183BE /* AppDelegate.swift in Sources */ = {isa = PBXBuildFile; fileRef = 68890EC21B4CD9A2002183BE /* AppDelegate.swift */; };
		68890ECA1B4CD9A2002183BE /* Assets.xcassets in Resources */ = {isa = PBXBuildFile; fileRef = 68890EC91B4CD9A2002183BE /* Assets.xcassets */; };
		68890ECD1B4CD9A2002183BE /* LaunchScreen.storyboard in Resources */ = {isa = PBXBuildFile; fileRef = 68890ECB1B4CD9A2002183BE /* LaunchScreen.storyboard */; };
		68890ED81B4CD9A2002183BE /* Status1_2Tests.swift in Sources */ = {isa = PBXBuildFile; fileRef = 68890ED71B4CD9A2002183BE /* Status1_2Tests.swift */; };
		68890EE31B4CD9A2002183BE /* Status1_2UITests.swift in Sources */ = {isa = PBXBuildFile; fileRef = 68890EE21B4CD9A2002183BE /* Status1_2UITests.swift */; };
		68890EF51B4E2462002183BE /* FakeAddressBook.swift in Sources */ = {isa = PBXBuildFile; fileRef = 68890EF41B4E2462002183BE /* FakeAddressBook.swift */; };
		68890EF71B4E255F002183BE /* CustomTableViewCell.swift in Sources */ = {isa = PBXBuildFile; fileRef = 68890EF61B4E255F002183BE /* CustomTableViewCell.swift */; };
/* End PBXBuildFile section */

/* Begin PBXContainerItemProxy section */
		68890ED41B4CD9A2002183BE /* PBXContainerItemProxy */ = {
			isa = PBXContainerItemProxy;
			containerPortal = 68890EB71B4CD9A2002183BE /* Project object */;
			proxyType = 1;
			remoteGlobalIDString = 68890EBE1B4CD9A2002183BE;
			remoteInfo = Status1.2;
		};
		68890EDF1B4CD9A2002183BE /* PBXContainerItemProxy */ = {
			isa = PBXContainerItemProxy;
			containerPortal = 68890EB71B4CD9A2002183BE /* Project object */;
			proxyType = 1;
			remoteGlobalIDString = 68890EBE1B4CD9A2002183BE;
			remoteInfo = Status1.2;
		};
/* End PBXContainerItemProxy section */

/* Begin PBXFileReference section */
		68890EBF1B4CD9A2002183BE /* Status1.2.app */ = {isa = PBXFileReference; explicitFileType = wrapper.application; includeInIndex = 0; path = Status1.2.app; sourceTree = BUILT_PRODUCTS_DIR; };
		68890EC21B4CD9A2002183BE /* AppDelegate.swift */ = {isa = PBXFileReference; lastKnownFileType = sourcecode.swift; path = AppDelegate.swift; sourceTree = "<group>"; };
		68890EC91B4CD9A2002183BE /* Assets.xcassets */ = {isa = PBXFileReference; lastKnownFileType = folder.assetcatalog; path = Assets.xcassets; sourceTree = "<group>"; };
		68890ECC1B4CD9A2002183BE /* Base */ = {isa = PBXFileReference; lastKnownFileType = file.storyboard; name = Base; path = Base.lproj/LaunchScreen.storyboard; sourceTree = "<group>"; };
		68890ECE1B4CD9A2002183BE /* Info.plist */ = {isa = PBXFileReference; lastKnownFileType = text.plist.xml; path = Info.plist; sourceTree = "<group>"; };
		68890ED31B4CD9A2002183BE /* Status1.2Tests.xctest */ = {isa = PBXFileReference; explicitFileType = wrapper.cfbundle; includeInIndex = 0; path = Status1.2Tests.xctest; sourceTree = BUILT_PRODUCTS_DIR; };
		68890ED71B4CD9A2002183BE /* Status1_2Tests.swift */ = {isa = PBXFileReference; lastKnownFileType = sourcecode.swift; path = Status1_2Tests.swift; sourceTree = "<group>"; };
		68890ED91B4CD9A2002183BE /* Info.plist */ = {isa = PBXFileReference; lastKnownFileType = text.plist.xml; path = Info.plist; sourceTree = "<group>"; };
		68890EDE1B4CD9A2002183BE /* Status1.2UITests.xctest */ = {isa = PBXFileReference; explicitFileType = wrapper.cfbundle; includeInIndex = 0; path = Status1.2UITests.xctest; sourceTree = BUILT_PRODUCTS_DIR; };
		68890EE21B4CD9A2002183BE /* Status1_2UITests.swift */ = {isa = PBXFileReference; lastKnownFileType = sourcecode.swift; path = Status1_2UITests.swift; sourceTree = "<group>"; };
		68890EE41B4CD9A2002183BE /* Info.plist */ = {isa = PBXFileReference; lastKnownFileType = text.plist.xml; path = Info.plist; sourceTree = "<group>"; };
		68890EF41B4E2462002183BE /* FakeAddressBook.swift */ = {isa = PBXFileReference; fileEncoding = 4; lastKnownFileType = sourcecode.swift; path = FakeAddressBook.swift; sourceTree = "<group>"; };
		68890EF61B4E255F002183BE /* CustomTableViewCell.swift */ = {isa = PBXFileReference; fileEncoding = 4; lastKnownFileType = sourcecode.swift; path = CustomTableViewCell.swift; sourceTree = "<group>"; };
/* End PBXFileReference section */

/* Begin PBXFrameworksBuildPhase section */
		68890EBC1B4CD9A2002183BE /* Frameworks */ = {
			isa = PBXFrameworksBuildPhase;
			buildActionMask = 2147483647;
			files = (
			);
			runOnlyForDeploymentPostprocessing = 0;
		};
		68890ED01B4CD9A2002183BE /* Frameworks */ = {
			isa = PBXFrameworksBuildPhase;
			buildActionMask = 2147483647;
			files = (
			);
			runOnlyForDeploymentPostprocessing = 0;
		};
		68890EDB1B4CD9A2002183BE /* Frameworks */ = {
			isa = PBXFrameworksBuildPhase;
			buildActionMask = 2147483647;
			files = (
			);
			runOnlyForDeploymentPostprocessing = 0;
		};
/* End PBXFrameworksBuildPhase section */

/* Begin PBXGroup section */
		68890EB61B4CD9A2002183BE = {
			isa = PBXGroup;
			children = (
				68890EC11B4CD9A2002183BE /* Status1.2 */,
				68890ED61B4CD9A2002183BE /* Status1.2Tests */,
				68890EE11B4CD9A2002183BE /* Status1.2UITests */,
				68890EC01B4CD9A2002183BE /* Products */,
			);
			sourceTree = "<group>";
		};
		68890EC01B4CD9A2002183BE /* Products */ = {
			isa = PBXGroup;
			children = (
				68890EBF1B4CD9A2002183BE /* Status1.2.app */,
				68890ED31B4CD9A2002183BE /* Status1.2Tests.xctest */,
				68890EDE1B4CD9A2002183BE /* Status1.2UITests.xctest */,
			);
			name = Products;
			sourceTree = "<group>";
		};
		68890EC11B4CD9A2002183BE /* Status1.2 */ = {
			isa = PBXGroup;
			children = (
				68890EF41B4E2462002183BE /* FakeAddressBook.swift */,
				68890EF61B4E255F002183BE /* CustomTableViewCell.swift */,
				68890EC21B4CD9A2002183BE /* AppDelegate.swift */,
				68890EC91B4CD9A2002183BE /* Assets.xcassets */,
				68890ECB1B4CD9A2002183BE /* LaunchScreen.storyboard */,
				68890ECE1B4CD9A2002183BE /* Info.plist */,
			);
			path = Status1.2;
			sourceTree = "<group>";
		};
		68890ED61B4CD9A2002183BE /* Status1.2Tests */ = {
			isa = PBXGroup;
			children = (
				68890ED71B4CD9A2002183BE /* Status1_2Tests.swift */,
				68890ED91B4CD9A2002183BE /* Info.plist */,
			);
			path = Status1.2Tests;
			sourceTree = "<group>";
		};
		68890EE11B4CD9A2002183BE /* Status1.2UITests */ = {
			isa = PBXGroup;
			children = (
				68890EE21B4CD9A2002183BE /* Status1_2UITests.swift */,
				68890EE41B4CD9A2002183BE /* Info.plist */,
			);
			path = Status1.2UITests;
			sourceTree = "<group>";
		};
/* End PBXGroup section */

/* Begin PBXNativeTarget section */
		68890EBE1B4CD9A2002183BE /* Status1.2 */ = {
			isa = PBXNativeTarget;
			buildConfigurationList = 68890EE71B4CD9A2002183BE /* Build configuration list for PBXNativeTarget "Status1.2" */;
			buildPhases = (
				68890EBB1B4CD9A2002183BE /* Sources */,
				68890EBC1B4CD9A2002183BE /* Frameworks */,
				68890EBD1B4CD9A2002183BE /* Resources */,
			);
			buildRules = (
			);
			dependencies = (
			);
			name = Status1.2;
			productName = Status1.2;
			productReference = 68890EBF1B4CD9A2002183BE /* Status1.2.app */;
			productType = "com.apple.product-type.application";
		};
		68890ED21B4CD9A2002183BE /* Status1.2Tests */ = {
			isa = PBXNativeTarget;
			buildConfigurationList = 68890EEA1B4CD9A2002183BE /* Build configuration list for PBXNativeTarget "Status1.2Tests" */;
			buildPhases = (
				68890ECF1B4CD9A2002183BE /* Sources */,
				68890ED01B4CD9A2002183BE /* Frameworks */,
				68890ED11B4CD9A2002183BE /* Resources */,
			);
			buildRules = (
			);
			dependencies = (
				68890ED51B4CD9A2002183BE /* PBXTargetDependency */,
			);
			name = Status1.2Tests;
			productName = Status1.2Tests;
			productReference = 68890ED31B4CD9A2002183BE /* Status1.2Tests.xctest */;
			productType = "com.apple.product-type.bundle.unit-test";
		};
		68890EDD1B4CD9A2002183BE /* Status1.2UITests */ = {
			isa = PBXNativeTarget;
			buildConfigurationList = 68890EED1B4CD9A2002183BE /* Build configuration list for PBXNativeTarget "Status1.2UITests" */;
			buildPhases = (
				68890EDA1B4CD9A2002183BE /* Sources */,
				68890EDB1B4CD9A2002183BE /* Frameworks */,
				68890EDC1B4CD9A2002183BE /* Resources */,
			);
			buildRules = (
			);
			dependencies = (
				68890EE01B4CD9A2002183BE /* PBXTargetDependency */,
			);
			name = Status1.2UITests;
			productName = Status1.2UITests;
			productReference = 68890EDE1B4CD9A2002183BE /* Status1.2UITests.xctest */;
			productType = "com.apple.product-type.bundle.ui-testing";
		};
/* End PBXNativeTarget section */

/* Begin PBXProject section */
		68890EB71B4CD9A2002183BE /* Project object */ = {
			isa = PBXProject;
			attributes = {
				LastUpgradeCheck = 0700;
				ORGANIZATIONNAME = "Micah Stone";
				TargetAttributes = {
					68890EBE1B4CD9A2002183BE = {
						CreatedOnToolsVersion = 7.0;
					};
					68890ED21B4CD9A2002183BE = {
						CreatedOnToolsVersion = 7.0;
						TestTargetID = 68890EBE1B4CD9A2002183BE;
					};
					68890EDD1B4CD9A2002183BE = {
						CreatedOnToolsVersion = 7.0;
						TestTargetID = 68890EBE1B4CD9A2002183BE;
					};
				};
			};
			buildConfigurationList = 68890EBA1B4CD9A2002183BE /* Build configuration list for PBXProject "Status1.2" */;
			compatibilityVersion = "Xcode 3.2";
			developmentRegion = English;
			hasScannedForEncodings = 0;
			knownRegions = (
				en,
				Base,
			);
			mainGroup = 68890EB61B4CD9A2002183BE;
			productRefGroup = 68890EC01B4CD9A2002183BE /* Products */;
			projectDirPath = "";
			projectRoot = "";
			targets = (
				68890EBE1B4CD9A2002183BE /* Status1.2 */,
				68890ED21B4CD9A2002183BE /* Status1.2Tests */,
				68890EDD1B4CD9A2002183BE /* Status1.2UITests */,
			);
		};
/* End PBXProject section */

/* Begin PBXResourcesBuildPhase section */
		68890EBD1B4CD9A2002183BE /* Resources */ = {
			isa = PBXResourcesBuildPhase;
			buildActionMask = 2147483647;
			files = (
				68890ECD1B4CD9A2002183BE /* LaunchScreen.storyboard in Resources */,
				68890ECA1B4CD9A2002183BE /* Assets.xcassets in Resources */,
			);
			runOnlyForDeploymentPostprocessing = 0;
		};
		68890ED11B4CD9A2002183BE /* Resources */ = {
			isa = PBXResourcesBuildPhase;
			buildActionMask = 2147483647;
			files = (
			);
			runOnlyForDeploymentPostprocessing = 0;
		};
		68890EDC1B4CD9A2002183BE /* Resources */ = {
			isa = PBXResourcesBuildPhase;
			buildActionMask = 2147483647;
			files = (
			);
			runOnlyForDeploymentPostprocessing = 0;
		};
/* End PBXResourcesBuildPhase section */

/* Begin PBXSourcesBuildPhase section */
		68890EBB1B4CD9A2002183BE /* Sources */ = {
			isa = PBXSourcesBuildPhase;
			buildActionMask = 2147483647;
			files = (
				68890EF51B4E2462002183BE /* FakeAddressBook.swift in Sources */,
				68890EF71B4E255F002183BE /* CustomTableViewCell.swift in Sources */,
				68890EC31B4CD9A2002183BE /* AppDelegate.swift in Sources */,
			);
			runOnlyForDeploymentPostprocessing = 0;
		};
		68890ECF1B4CD9A2002183BE /* Sources */ = {
			isa = PBXSourcesBuildPhase;
			buildActionMask = 2147483647;
			files = (
				68890ED81B4CD9A2002183BE /* Status1_2Tests.swift in Sources */,
			);
			runOnlyForDeploymentPostprocessing = 0;
		};
		68890EDA1B4CD9A2002183BE /* Sources */ = {
			isa = PBXSourcesBuildPhase;
			buildActionMask = 2147483647;
			files = (
				68890EE31B4CD9A2002183BE /* Status1_2UITests.swift in Sources */,
			);
			runOnlyForDeploymentPostprocessing = 0;
		};
/* End PBXSourcesBuildPhase section */

/* Begin PBXTargetDependency section */
		68890ED51B4CD9A2002183BE /* PBXTargetDependency */ = {
			isa = PBXTargetDependency;
			target = 68890EBE1B4CD9A2002183BE /* Status1.2 */;
			targetProxy = 68890ED41B4CD9A2002183BE /* PBXContainerItemProxy */;
		};
		68890EE01B4CD9A2002183BE /* PBXTargetDependency */ = {
			isa = PBXTargetDependency;
			target = 68890EBE1B4CD9A2002183BE /* Status1.2 */;
			targetProxy = 68890EDF1B4CD9A2002183BE /* PBXContainerItemProxy */;
		};
/* End PBXTargetDependency section */

/* Begin PBXVariantGroup section */
		68890ECB1B4CD9A2002183BE /* LaunchScreen.storyboard */ = {
			isa = PBXVariantGroup;
			children = (
				68890ECC1B4CD9A2002183BE /* Base */,
			);
			name = LaunchScreen.storyboard;
			sourceTree = "<group>";
		};
/* End PBXVariantGroup section */

/* Begin XCBuildConfiguration section */
		68890EE51B4CD9A2002183BE /* Debug */ = {
			isa = XCBuildConfiguration;
			buildSettings = {
				ALWAYS_SEARCH_USER_PATHS = NO;
				CLANG_CXX_LANGUAGE_STANDARD = "gnu++0x";
				CLANG_CXX_LIBRARY = "libc++";
				CLANG_ENABLE_MODULES = YES;
				CLANG_ENABLE_OBJC_ARC = YES;
				CLANG_WARN_BOOL_CONVERSION = YES;
				CLANG_WARN_CONSTANT_CONVERSION = YES;
				CLANG_WARN_DIRECT_OBJC_ISA_USAGE = YES_ERROR;
				CLANG_WARN_EMPTY_BODY = YES;
				CLANG_WARN_ENUM_CONVERSION = YES;
				CLANG_WARN_INT_CONVERSION = YES;
				CLANG_WARN_OBJC_ROOT_CLASS = YES_ERROR;
				CLANG_WARN_UNREACHABLE_CODE = YES;
				CLANG_WARN__DUPLICATE_METHOD_MATCH = YES;
				"CODE_SIGN_IDENTITY[sdk=iphoneos*]" = "iPhone Developer";
				COPY_PHASE_STRIP = NO;
				DEBUG_INFORMATION_FORMAT = dwarf;
				ENABLE_STRICT_OBJC_MSGSEND = YES;
				ENABLE_TESTABILITY = YES;
				GCC_C_LANGUAGE_STANDARD = gnu99;
				GCC_DYNAMIC_NO_PIC = NO;
				GCC_NO_COMMON_BLOCKS = YES;
				GCC_OPTIMIZATION_LEVEL = 0;
				GCC_PREPROCESSOR_DEFINITIONS = (
					"DEBUG=1",
					"$(inherited)",
				);
				GCC_WARN_64_TO_32_BIT_CONVERSION = YES;
				GCC_WARN_ABOUT_RETURN_TYPE = YES_ERROR;
				GCC_WARN_UNDECLARED_SELECTOR = YES;
				GCC_WARN_UNINITIALIZED_AUTOS = YES_AGGRESSIVE;
				GCC_WARN_UNUSED_FUNCTION = YES;
				GCC_WARN_UNUSED_VARIABLE = YES;
				IPHONEOS_DEPLOYMENT_TARGET = 9.0;
				MTL_ENABLE_DEBUG_INFO = YES;
				ONLY_ACTIVE_ARCH = YES;
				SDKROOT = iphoneos;
				SWIFT_OPTIMIZATION_LEVEL = "-Onone";
			};
			name = Debug;
		};
		68890EE61B4CD9A2002183BE /* Release */ = {
			isa = XCBuildConfiguration;
			buildSettings = {
				ALWAYS_SEARCH_USER_PATHS = NO;
				CLANG_CXX_LANGUAGE_STANDARD = "gnu++0x";
				CLANG_CXX_LIBRARY = "libc++";
				CLANG_ENABLE_MODULES = YES;
				CLANG_ENABLE_OBJC_ARC = YES;
				CLANG_WARN_BOOL_CONVERSION = YES;
				CLANG_WARN_CONSTANT_CONVERSION = YES;
				CLANG_WARN_DIRECT_OBJC_ISA_USAGE = YES_ERROR;
				CLANG_WARN_EMPTY_BODY = YES;
				CLANG_WARN_ENUM_CONVERSION = YES;
				CLANG_WARN_INT_CONVERSION = YES;
				CLANG_WARN_OBJC_ROOT_CLASS = YES_ERROR;
				CLANG_WARN_UNREACHABLE_CODE = YES;
				CLANG_WARN__DUPLICATE_METHOD_MATCH = YES;
				"CODE_SIGN_IDENTITY[sdk=iphoneos*]" = "iPhone Developer";
				COPY_PHASE_STRIP = NO;
				DEBUG_INFORMATION_FORMAT = "dwarf-with-dsym";
				ENABLE_NS_ASSERTIONS = NO;
				ENABLE_STRICT_OBJC_MSGSEND = YES;
				GCC_C_LANGUAGE_STANDARD = gnu99;
				GCC_NO_COMMON_BLOCKS = YES;
				GCC_WARN_64_TO_32_BIT_CONVERSION = YES;
				GCC_WARN_ABOUT_RETURN_TYPE = YES_ERROR;
				GCC_WARN_UNDECLARED_SELECTOR = YES;
				GCC_WARN_UNINITIALIZED_AUTOS = YES_AGGRESSIVE;
				GCC_WARN_UNUSED_FUNCTION = YES;
				GCC_WARN_UNUSED_VARIABLE = YES;
				IPHONEOS_DEPLOYMENT_TARGET = 9.0;
				MTL_ENABLE_DEBUG_INFO = NO;
				SDKROOT = iphoneos;
				VALIDATE_PRODUCT = YES;
			};
			name = Release;
		};
		68890EE81B4CD9A2002183BE /* Debug */ = {
			isa = XCBuildConfiguration;
			buildSettings = {
				ASSETCATALOG_COMPILER_APPICON_NAME = AppIcon;
				INFOPLIST_FILE = Status1.2/Info.plist;
				IPHONEOS_DEPLOYMENT_TARGET = 8.3;
				LD_RUNPATH_SEARCH_PATHS = "$(inherited) @executable_path/Frameworks";
				PRODUCT_BUNDLE_IDENTIFIER = "Micah.Status1-2";
				PRODUCT_NAME = "$(TARGET_NAME)";
			};
			name = Debug;
		};
		68890EE91B4CD9A2002183BE /* Release */ = {
			isa = XCBuildConfiguration;
			buildSettings = {
				ASSETCATALOG_COMPILER_APPICON_NAME = AppIcon;
				INFOPLIST_FILE = Status1.2/Info.plist;
				IPHONEOS_DEPLOYMENT_TARGET = 8.3;
				LD_RUNPATH_SEARCH_PATHS = "$(inherited) @executable_path/Frameworks";
				PRODUCT_BUNDLE_IDENTIFIER = "Micah.Status1-2";
				PRODUCT_NAME = "$(TARGET_NAME)";
			};
			name = Release;
		};
		68890EEB1B4CD9A2002183BE /* Debug */ = {
			isa = XCBuildConfiguration;
			buildSettings = {
				BUNDLE_LOADER = "$(TEST_HOST)";
				INFOPLIST_FILE = Status1.2Tests/Info.plist;
				LD_RUNPATH_SEARCH_PATHS = "$(inherited) @executable_path/Frameworks @loader_path/Frameworks";
				PRODUCT_BUNDLE_IDENTIFIER = "Micah.Status1-2Tests";
				PRODUCT_NAME = "$(TARGET_NAME)";
				TEST_HOST = "$(BUILT_PRODUCTS_DIR)/Status1.2.app/Status1.2";
			};
			name = Debug;
		};
		68890EEC1B4CD9A2002183BE /* Release */ = {
			isa = XCBuildConfiguration;
			buildSettings = {
				BUNDLE_LOADER = "$(TEST_HOST)";
				INFOPLIST_FILE = Status1.2Tests/Info.plist;
				LD_RUNPATH_SEARCH_PATHS = "$(inherited) @executable_path/Frameworks @loader_path/Frameworks";
				PRODUCT_BUNDLE_IDENTIFIER = "Micah.Status1-2Tests";
				PRODUCT_NAME = "$(TARGET_NAME)";
				TEST_HOST = "$(BUILT_PRODUCTS_DIR)/Status1.2.app/Status1.2";
			};
			name = Release;
		};
		68890EEE1B4CD9A2002183BE /* Debug */ = {
			isa = XCBuildConfiguration;
			buildSettings = {
				INFOPLIST_FILE = Status1.2UITests/Info.plist;
				LD_RUNPATH_SEARCH_PATHS = "$(inherited) @executable_path/Frameworks @loader_path/Frameworks";
				PRODUCT_BUNDLE_IDENTIFIER = "Micah.Status1-2UITests";
				PRODUCT_NAME = "$(TARGET_NAME)";
				TEST_TARGET_NAME = Status1.2;
				USES_XCTRUNNER = YES;
			};
			name = Debug;
		};
		68890EEF1B4CD9A2002183BE /* Release */ = {
			isa = XCBuildConfiguration;
			buildSettings = {
				INFOPLIST_FILE = Status1.2UITests/Info.plist;
				LD_RUNPATH_SEARCH_PATHS = "$(inherited) @executable_path/Frameworks @loader_path/Frameworks";
				PRODUCT_BUNDLE_IDENTIFIER = "Micah.Status1-2UITests";
				PRODUCT_NAME = "$(TARGET_NAME)";
				TEST_TARGET_NAME = Status1.2;
				USES_XCTRUNNER = YES;
			};
			name = Release;
		};
/* End XCBuildConfiguration section */

/* Begin XCConfigurationList section */
		68890EBA1B4CD9A2002183BE /* Build configuration list for PBXProject "Status1.2" */ = {
			isa = XCConfigurationList;
			buildConfigurations = (
				68890EE51B4CD9A2002183BE /* Debug */,
				68890EE61B4CD9A2002183BE /* Release */,
			);
			defaultConfigurationIsVisible = 0;
			defaultConfigurationName = Release;
		};
		68890EE71B4CD9A2002183BE /* Build configuration list for PBXNativeTarget "Status1.2" */ = {
			isa = XCConfigurationList;
			buildConfigurations = (
				68890EE81B4CD9A2002183BE /* Debug */,
				68890EE91B4CD9A2002183BE /* Release */,
			);
			defaultConfigurationIsVisible = 0;
			defaultConfigurationName = Release;
		};
		68890EEA1B4CD9A2002183BE /* Build configuration list for PBXNativeTarget "Status1.2Tests" */ = {
			isa = XCConfigurationList;
			buildConfigurations = (
				68890EEB1B4CD9A2002183BE /* Debug */,
				68890EEC1B4CD9A2002183BE /* Release */,
			);
			defaultConfigurationIsVisible = 0;
			defaultConfigurationName = Release;
		};
		68890EED1B4CD9A2002183BE /* Build configuration list for PBXNativeTarget "Status1.2UITests" */ = {
			isa = XCConfigurationList;
			buildConfigurations = (
				68890EEE1B4CD9A2002183BE /* Debug */,
				68890EEF1B4CD9A2002183BE /* Release */,
			);
			defaultConfigurationIsVisible = 0;
			defaultConfigurationName = Release;
		};
/* End XCConfigurationList section */
	};
	rootObject = 68890EB71B4CD9A2002183BE /* Project object */;
}
